
Microsoft Visual Studio Solution File, Format Version 12.00
# Visual Studio Version 17
VisualStudioVersion = 17.3.32819.101
MinimumVisualStudioVersion = 10.0.40219.1
Project("{FAE04EC0-301F-11D3-BF4B-00C04F79EFBC}") = "Rental_API", "Rental_API\Rental_API.csproj", "{DEBD6DF8-1C49-45C1-ADBA-2274FD92BF76}"
EndProject
Global
	GlobalSection(SolutionConfigurationPlatforms) = preSolution
		Debug|Any CPU = Debug|Any CPU
		Release|Any CPU = Release|Any CPU
	EndGlobalSection
	GlobalSection(ProjectConfigurationPlatforms) = postSolution
		{DEBD6DF8-1C49-45C1-ADBA-2274FD92BF76}.Debug|Any CPU.ActiveCfg = Debug|Any CPU
		{DEBD6DF8-1C49-45C1-ADBA-2274FD92BF76}.Debug|Any CPU.Build.0 = Debug|Any CPU
		{DEBD6DF8-1C49-45C1-ADBA-2274FD92BF76}.Release|Any CPU.ActiveCfg = Release|Any CPU
		{DEBD6DF8-1C49-45C1-ADBA-2274FD92BF76}.Release|Any CPU.Build.0 = Release|Any CPU
	EndGlobalSection
	GlobalSection(SolutionProperties) = preSolution
		HideSolutionNode = FALSE
	EndGlobalSection
	GlobalSection(ExtensibilityGlobals) = postSolution
		SolutionGuid = {2FCE4A04-AAE3-4E44-BF81-85776CE1E07C}
	EndGlobalSection
EndGlobal
